
Microsoft Visual Studio Solution File, Format Version 12.00
# Visual Studio 15
VisualStudioVersion = 15.0.27703.2042
MinimumVisualStudioVersion = 10.0.40219.1
Project("{FAE04EC0-301F-11D3-BF4B-00C04F79EFBC}") = "FsSequencer", "FsSequencer\FsSequencer.csproj", "{850F9633-F52F-4F2D-8D61-D293345310AF}"
EndProject
Global
	GlobalSection(SolutionConfigurationPlatforms) = preSolution
		Debug|Any CPU = Debug|Any CPU
		Release|Any CPU = Release|Any CPU
	EndGlobalSection
	GlobalSection(ProjectConfigurationPlatforms) = postSolution
		{850F9633-F52F-4F2D-8D61-D293345310AF}.Debug|Any CPU.ActiveCfg = Debug|Any CPU
		{850F9633-F52F-4F2D-8D61-D293345310AF}.Debug|Any CPU.Build.0 = Debug|Any CPU
		{850F9633-F52F-4F2D-8D61-D293345310AF}.Release|Any CPU.ActiveCfg = Release|Any CPU
		{850F9633-F52F-4F2D-8D61-D293345310AF}.Release|Any CPU.Build.0 = Release|Any CPU
	EndGlobalSection
	GlobalSection(SolutionProperties) = preSolution
		HideSolutionNode = FALSE
	EndGlobalSection
	GlobalSection(ExtensibilityGlobals) = postSolution
		SolutionGuid = {A90C6B4A-F92F-4FBE-B583-D6A068309857}
	EndGlobalSection
EndGlobal
